{
  "version": 1,
  "dependencies": {
    "net10.0-windows7.0": {
      "Anthropic": {
        "type": "Direct",
        "requested": "[12.49.0, )",
        "resolved": "12.49.0",
        "contentHash": "uPz9LkpCfelVXZUxmnBKgdn6SyHwmdD0IYnJsvwJOk8SIlTEX62V1kr1EoxnmHSlUIcKIhGnZzvmuMHz+B9MMQ==",
        "dependencies": {
          "Microsoft.Extensions.AI.Abstractions": "10.5.1"
        }
      },
      "DalamudPackager": {
        "type": "Direct",
        "requested": "[15.0.0, )",
        "resolved": "15.0.0",
        "contentHash": "411vwC8/X8Z/sQ2TI6v3SvOn66xFPeOjFn3Zn+h0d3Ox2t1kFm66AhDvmx/qcMwVrR+Hidxj0dadpQ2dgyXMBQ=="
      },
      "DotNet.ReproducibleBuilds": {
        "type": "Direct",
        "requested": "[1.2.39, )",
        "resolved": "1.2.39",
        "contentHash": "fcFN01tDTIQqDuTwr1jUQK/geofiwjG5DycJQOnC72i1SsLAk1ELe+apBOuZ11UMQG8YKFZG1FgvjZPbqHyatg=="
      },
      "Microsoft.Extensions.AI.Abstractions": {
        "type": "Transitive",
        "resolved": "10.5.1",
        "contentHash": "nB0l3IlsVbNeUxsE7nZNb9GY8rP1OSeqpj0pseORPejt474HNKEauTWTLdSJPkSvPlRMxowZNMo6nyp7APAiSg=="
      }
    }
  }
}